
Microsoft Visual Studio Solution File, Format Version 12.00
# Visual Studio 15
Project("{FAE04EC0-301F-11D3-BF4B-00C04F79EFBC}") = "Assembly-CSharp", "Assembly-CSharp.csproj", "{34CE0B37-223C-E022-FDCF-9E631A3B90BC}"
EndProject
Project("{FAE04EC0-301F-11D3-BF4B-00C04F79EFBC}") = "Assembly-CSharp", "Assembly-CSharp.Player.csproj", "{A8F7CA6D-D667-FA97-57F4-C8731E3C0D71}"
EndProject
Global
	GlobalSection(SolutionConfigurationPlatforms) = preSolution
		Debug|Any CPU = Debug|Any CPU
		Release|Any CPU = Release|Any CPU
	EndGlobalSection
	GlobalSection(ProjectConfigurationPlatforms) = postSolution
		{34CE0B37-223C-E022-FDCF-9E631A3B90BC}.Debug|Any CPU.ActiveCfg = Debug|Any CPU
		{34CE0B37-223C-E022-FDCF-9E631A3B90BC}.Debug|Any CPU.Build.0 = Debug|Any CPU
		{34CE0B37-223C-E022-FDCF-9E631A3B90BC}.Release|Any CPU.ActiveCfg = Release|Any CPU
		{34CE0B37-223C-E022-FDCF-9E631A3B90BC}.Release|Any CPU.Build.0 = Release|Any CPU
		{A8F7CA6D-D667-FA97-57F4-C8731E3C0D71}.Debug|Any CPU.ActiveCfg = Debug|Any CPU
		{A8F7CA6D-D667-FA97-57F4-C8731E3C0D71}.Debug|Any CPU.Build.0 = Debug|Any CPU
		{A8F7CA6D-D667-FA97-57F4-C8731E3C0D71}.Release|Any CPU.ActiveCfg = Release|Any CPU
		{A8F7CA6D-D667-FA97-57F4-C8731E3C0D71}.Release|Any CPU.Build.0 = Release|Any CPU
	EndGlobalSection
	GlobalSection(SolutionProperties) = preSolution
		HideSolutionNode = FALSE
	EndGlobalSection
EndGlobal
